
Microsoft Visual Studio Solution File, Format Version 12.00
# Visual Studio 14
VisualStudioVersion = 14.0.25420.1
MinimumVisualStudioVersion = 10.0.40219.1
Project("{FAE04EC0-301F-11D3-BF4B-00C04F79EFBC}") = "BookSale", "BookSale\BookSale.csproj", "{35BB5799-9C66-4152-8A9F-BF0DA12A60CE}"
EndProject
Global
	GlobalSection(SolutionConfigurationPlatforms) = preSolution
		Debug|Any CPU = Debug|Any CPU
		Release|Any CPU = Release|Any CPU
	EndGlobalSection
	GlobalSection(ProjectConfigurationPlatforms) = postSolution
		{35BB5799-9C66-4152-8A9F-BF0DA12A60CE}.Debug|Any CPU.ActiveCfg = Debug|Any CPU
		{35BB5799-9C66-4152-8A9F-BF0DA12A60CE}.Debug|Any CPU.Build.0 = Debug|Any CPU
		{35BB5799-9C66-4152-8A9F-BF0DA12A60CE}.Release|Any CPU.ActiveCfg = Release|Any CPU
		{35BB5799-9C66-4152-8A9F-BF0DA12A60CE}.Release|Any CPU.Build.0 = Release|Any CPU
	EndGlobalSection
	GlobalSection(SolutionProperties) = preSolution
		HideSolutionNode = FALSE
	EndGlobalSection
EndGlobal
