
Microsoft Visual Studio Solution File, Format Version 12.00
# Visual Studio 14
VisualStudioVersion = 14.0.25420.1
MinimumVisualStudioVersion = 10.0.40219.1
Project("{FAE04EC0-301F-11D3-BF4B-00C04F79EFBC}") = "BookSale.Web", "BookSale\BookSale.Web.csproj", "{35BB5799-9C66-4152-8A9F-BF0DA12A60CE}"
EndProject
Project("{FAE04EC0-301F-11D3-BF4B-00C04F79EFBC}") = "BookSale.Common", "BookSale.Common\BookSale.Common.csproj", "{ECF4E231-89A9-4087-A91B-E73237DE47DE}"
EndProject
Project("{FAE04EC0-301F-11D3-BF4B-00C04F79EFBC}") = "BookSale.Model", "BookSale.Models\BookSale.Model.csproj", "{8BF14016-F3F0-42D7-987D-5FC46826E828}"
EndProject
Project("{FAE04EC0-301F-11D3-BF4B-00C04F79EFBC}") = "BookSale.Data", "BookSale.Data\BookSale.Data.csproj", "{3DDE5227-2DDC-4D38-89CF-30546C5AC0AF}"
EndProject
Project("{FAE04EC0-301F-11D3-BF4B-00C04F79EFBC}") = "BookSale.Service", "BookSale.Service\BookSale.Service.csproj", "{4DE779A3-A30C-4F81-9942-13180EE269D9}"
EndProject
Project("{FAE04EC0-301F-11D3-BF4B-00C04F79EFBC}") = "BookSale.UnitTest", "BookSale.UnitTest\BookSale.UnitTest.csproj", "{D3C6426F-CFD0-49ED-AFBF-7D6601E93B9A}"
EndProject
Global
	GlobalSection(SolutionConfigurationPlatforms) = preSolution
		Debug|Any CPU = Debug|Any CPU
		Release|Any CPU = Release|Any CPU
	EndGlobalSection
	GlobalSection(ProjectConfigurationPlatforms) = postSolution
		{35BB5799-9C66-4152-8A9F-BF0DA12A60CE}.Debug|Any CPU.ActiveCfg = Debug|Any CPU
		{35BB5799-9C66-4152-8A9F-BF0DA12A60CE}.Debug|Any CPU.Build.0 = Debug|Any CPU
		{35BB5799-9C66-4152-8A9F-BF0DA12A60CE}.Release|Any CPU.ActiveCfg = Release|Any CPU
		{35BB5799-9C66-4152-8A9F-BF0DA12A60CE}.Release|Any CPU.Build.0 = Release|Any CPU
		{ECF4E231-89A9-4087-A91B-E73237DE47DE}.Debug|Any CPU.ActiveCfg = Debug|Any CPU
		{ECF4E231-89A9-4087-A91B-E73237DE47DE}.Debug|Any CPU.Build.0 = Debug|Any CPU
		{ECF4E231-89A9-4087-A91B-E73237DE47DE}.Release|Any CPU.ActiveCfg = Release|Any CPU
		{ECF4E231-89A9-4087-A91B-E73237DE47DE}.Release|Any CPU.Build.0 = Release|Any CPU
		{8BF14016-F3F0-42D7-987D-5FC46826E828}.Debug|Any CPU.ActiveCfg = Debug|Any CPU
		{8BF14016-F3F0-42D7-987D-5FC46826E828}.Debug|Any CPU.Build.0 = Debug|Any CPU
		{8BF14016-F3F0-42D7-987D-5FC46826E828}.Release|Any CPU.ActiveCfg = Release|Any CPU
		{8BF14016-F3F0-42D7-987D-5FC46826E828}.Release|Any CPU.Build.0 = Release|Any CPU
		{3DDE5227-2DDC-4D38-89CF-30546C5AC0AF}.Debug|Any CPU.ActiveCfg = Debug|Any CPU
		{3DDE5227-2DDC-4D38-89CF-30546C5AC0AF}.Debug|Any CPU.Build.0 = Debug|Any CPU
		{3DDE5227-2DDC-4D38-89CF-30546C5AC0AF}.Release|Any CPU.ActiveCfg = Release|Any CPU
		{3DDE5227-2DDC-4D38-89CF-30546C5AC0AF}.Release|Any CPU.Build.0 = Release|Any CPU
		{4DE779A3-A30C-4F81-9942-13180EE269D9}.Debug|Any CPU.ActiveCfg = Debug|Any CPU
		{4DE779A3-A30C-4F81-9942-13180EE269D9}.Debug|Any CPU.Build.0 = Debug|Any CPU
		{4DE779A3-A30C-4F81-9942-13180EE269D9}.Release|Any CPU.ActiveCfg = Release|Any CPU
		{4DE779A3-A30C-4F81-9942-13180EE269D9}.Release|Any CPU.Build.0 = Release|Any CPU
		{D3C6426F-CFD0-49ED-AFBF-7D6601E93B9A}.Debug|Any CPU.ActiveCfg = Debug|Any CPU
		{D3C6426F-CFD0-49ED-AFBF-7D6601E93B9A}.Debug|Any CPU.Build.0 = Debug|Any CPU
		{D3C6426F-CFD0-49ED-AFBF-7D6601E93B9A}.Release|Any CPU.ActiveCfg = Release|Any CPU
		{D3C6426F-CFD0-49ED-AFBF-7D6601E93B9A}.Release|Any CPU.Build.0 = Release|Any CPU
	EndGlobalSection
	GlobalSection(SolutionProperties) = preSolution
		HideSolutionNode = FALSE
	EndGlobalSection
EndGlobal
